
Microsoft Visual Studio Solution File, Format Version 12.00
# Visual Studio Version 17
VisualStudioVersion = 17.10.35013.160
MinimumVisualStudioVersion = 10.0.40219.1
Project("{FAE04EC0-301F-11D3-BF4B-00C04F79EFBC}") = "MineGame", "MineGame\MineGame.csproj", "{7F8B55B6-EAB5-41A7-BFEA-4BC136A48607}"
EndProject
Project("{FAE04EC0-301F-11D3-BF4B-00C04F79EFBC}") = "MineGameTests", "MineGameTests\MineGameTests.csproj", "{235F46D5-ADAB-4401-88BB-6BDF3E883279}"
EndProject
Global
	GlobalSection(SolutionConfigurationPlatforms) = preSolution
		Debug|Any CPU = Debug|Any CPU
		Release|Any CPU = Release|Any CPU
	EndGlobalSection
	GlobalSection(ProjectConfigurationPlatforms) = postSolution
		{7F8B55B6-EAB5-41A7-BFEA-4BC136A48607}.Debug|Any CPU.ActiveCfg = Debug|Any CPU
		{7F8B55B6-EAB5-41A7-BFEA-4BC136A48607}.Debug|Any CPU.Build.0 = Debug|Any CPU
		{7F8B55B6-EAB5-41A7-BFEA-4BC136A48607}.Release|Any CPU.ActiveCfg = Release|Any CPU
		{7F8B55B6-EAB5-41A7-BFEA-4BC136A48607}.Release|Any CPU.Build.0 = Release|Any CPU
		{235F46D5-ADAB-4401-88BB-6BDF3E883279}.Debug|Any CPU.ActiveCfg = Debug|Any CPU
		{235F46D5-ADAB-4401-88BB-6BDF3E883279}.Debug|Any CPU.Build.0 = Debug|Any CPU
		{235F46D5-ADAB-4401-88BB-6BDF3E883279}.Release|Any CPU.ActiveCfg = Release|Any CPU
		{235F46D5-ADAB-4401-88BB-6BDF3E883279}.Release|Any CPU.Build.0 = Release|Any CPU
	EndGlobalSection
	GlobalSection(SolutionProperties) = preSolution
		HideSolutionNode = FALSE
	EndGlobalSection
	GlobalSection(ExtensibilityGlobals) = postSolution
		SolutionGuid = {22EB2515-C796-4351-93A4-4FB279CA6D06}
	EndGlobalSection
EndGlobal
